
Microsoft Visual Studio Solution File, Format Version 12.00
# Visual Studio Version 17
VisualStudioVersion = 17.8.34330.188
MinimumVisualStudioVersion = 10.0.40219.1
Project("{FAE04EC0-301F-11D3-BF4B-00C04F79EFBC}") = "AggregaRisultati", "AggregaRisultati\AggregaRisultati.csproj", "{48C1E8FA-466A-4746-9667-C5C725DED8B5}"
EndProject
Project("{FAE04EC0-301F-11D3-BF4B-00C04F79EFBC}") = "AggregaRisultatiTest", "AggregaRisultatiTest\AggregaRisultatiTest.csproj", "{3E9978CE-DABA-45B8-BEA8-2ECECB2B9CA7}"
EndProject
Global
	GlobalSection(SolutionConfigurationPlatforms) = preSolution
		Debug|Any CPU = Debug|Any CPU
		Release|Any CPU = Release|Any CPU
	EndGlobalSection
	GlobalSection(ProjectConfigurationPlatforms) = postSolution
		{48C1E8FA-466A-4746-9667-C5C725DED8B5}.Debug|Any CPU.ActiveCfg = Debug|Any CPU
		{48C1E8FA-466A-4746-9667-C5C725DED8B5}.Debug|Any CPU.Build.0 = Debug|Any CPU
		{48C1E8FA-466A-4746-9667-C5C725DED8B5}.Release|Any CPU.ActiveCfg = Release|Any CPU
		{48C1E8FA-466A-4746-9667-C5C725DED8B5}.Release|Any CPU.Build.0 = Release|Any CPU
		{3E9978CE-DABA-45B8-BEA8-2ECECB2B9CA7}.Debug|Any CPU.ActiveCfg = Debug|Any CPU
		{3E9978CE-DABA-45B8-BEA8-2ECECB2B9CA7}.Debug|Any CPU.Build.0 = Debug|Any CPU
		{3E9978CE-DABA-45B8-BEA8-2ECECB2B9CA7}.Release|Any CPU.ActiveCfg = Release|Any CPU
		{3E9978CE-DABA-45B8-BEA8-2ECECB2B9CA7}.Release|Any CPU.Build.0 = Release|Any CPU
	EndGlobalSection
	GlobalSection(SolutionProperties) = preSolution
		HideSolutionNode = FALSE
	EndGlobalSection
	GlobalSection(ExtensibilityGlobals) = postSolution
		SolutionGuid = {B9D02DCE-254D-4951-B4FD-911AF1BA8963}
	EndGlobalSection
EndGlobal
